
Microsoft Visual Studio Solution File, Format Version 12.00
# Visual Studio Version 16
VisualStudioVersion = 16.0.28803.156
MinimumVisualStudioVersion = 10.0.40219.1
Project("{FAE04EC0-301F-11D3-BF4B-00C04F79EFBC}") = "_1Parallel_Invoke", "_1Parallel_Invoke\_1Parallel_Invoke.csproj", "{9EA1E777-2573-4204-9D29-B1D36797DDC9}"
EndProject
Global
	GlobalSection(SolutionConfigurationPlatforms) = preSolution
		Debug|Any CPU = Debug|Any CPU
		Release|Any CPU = Release|Any CPU
	EndGlobalSection
	GlobalSection(ProjectConfigurationPlatforms) = postSolution
		{9EA1E777-2573-4204-9D29-B1D36797DDC9}.Debug|Any CPU.ActiveCfg = Debug|Any CPU
		{9EA1E777-2573-4204-9D29-B1D36797DDC9}.Debug|Any CPU.Build.0 = Debug|Any CPU
		{9EA1E777-2573-4204-9D29-B1D36797DDC9}.Release|Any CPU.ActiveCfg = Release|Any CPU
		{9EA1E777-2573-4204-9D29-B1D36797DDC9}.Release|Any CPU.Build.0 = Release|Any CPU
	EndGlobalSection
	GlobalSection(SolutionProperties) = preSolution
		HideSolutionNode = FALSE
	EndGlobalSection
	GlobalSection(ExtensibilityGlobals) = postSolution
		SolutionGuid = {C597E507-9638-437A-ACD8-47901E67A1C0}
	EndGlobalSection
EndGlobal
